
Microsoft Visual Studio Solution File, Format Version 12.00
# Visual Studio Version 17
VisualStudioVersion = 17.4.33103.184
MinimumVisualStudioVersion = 10.0.40219.1
Project("{9A19103F-16F7-4668-BE54-9A1E7A4F7556}") = "Typo", "Typo\Typo.csproj", "{6BC0A60E-E42E-4F4C-B83F-E5A30927EE0A}"
EndProject
Project("{FAE04EC0-301F-11D3-BF4B-00C04F79EFBC}") = "UnitTests", "UnitTests\UnitTests.csproj", "{2067FA91-0ED9-4E79-8297-8D5D4908600D}"
EndProject
Global
	GlobalSection(SolutionConfigurationPlatforms) = preSolution
		Debug|Any CPU = Debug|Any CPU
		Release|Any CPU = Release|Any CPU
	EndGlobalSection
	GlobalSection(ProjectConfigurationPlatforms) = postSolution
		{6BC0A60E-E42E-4F4C-B83F-E5A30927EE0A}.Debug|Any CPU.ActiveCfg = Debug|Any CPU
		{6BC0A60E-E42E-4F4C-B83F-E5A30927EE0A}.Debug|Any CPU.Build.0 = Debug|Any CPU
		{6BC0A60E-E42E-4F4C-B83F-E5A30927EE0A}.Release|Any CPU.ActiveCfg = Release|Any CPU
		{6BC0A60E-E42E-4F4C-B83F-E5A30927EE0A}.Release|Any CPU.Build.0 = Release|Any CPU
		{2067FA91-0ED9-4E79-8297-8D5D4908600D}.Debug|Any CPU.ActiveCfg = Debug|Any CPU
		{2067FA91-0ED9-4E79-8297-8D5D4908600D}.Debug|Any CPU.Build.0 = Debug|Any CPU
		{2067FA91-0ED9-4E79-8297-8D5D4908600D}.Release|Any CPU.ActiveCfg = Release|Any CPU
		{2067FA91-0ED9-4E79-8297-8D5D4908600D}.Release|Any CPU.Build.0 = Release|Any CPU
	EndGlobalSection
	GlobalSection(SolutionProperties) = preSolution
		HideSolutionNode = FALSE
	EndGlobalSection
	GlobalSection(ExtensibilityGlobals) = postSolution
		SolutionGuid = {EDCC092E-1EAD-49AB-B6D6-57F81AAB4A41}
	EndGlobalSection
EndGlobal
